// !$*UTF8*$!
{
	archiveVersion = 1;
	classes = {
	};
	objectVersion = 50;
	objects = {

/* Begin PBXBuildFile section */
		CCA809F423E5C52800A70724 /* AppDelegate.swift in Sources */ = {isa = PBXBuildFile; fileRef = CCA809F323E5C52800A70724 /* AppDelegate.swift */; };
		CCA809F623E5C52800A70724 /* SceneDelegate.swift in Sources */ = {isa = PBXBuildFile; fileRef = CCA809F523E5C52800A70724 /* SceneDelegate.swift */; };
		CCA809F823E5C52800A70724 /* ViewController.swift in Sources */ = {isa = PBXBuildFile; fileRef = CCA809F723E5C52800A70724 /* ViewController.swift */; };
		CCA809FB23E5C52800A70724 /* Main.storyboard in Resources */ = {isa = PBXBuildFile; fileRef = CCA809F923E5C52800A70724 /* Main.storyboard */; };
		CCA809FD23E5C52900A70724 /* Assets.xcassets in Resources */ = {isa = PBXBuildFile; fileRef = CCA809FC23E5C52900A70724 /* Assets.xcassets */; };
		CCA80A0023E5C52900A70724 /* LaunchScreen.storyboard in Resources */ = {isa = PBXBuildFile; fileRef = CCA809FE23E5C52900A70724 /* LaunchScreen.storyboard */; };
		CCA80A0B23E5C52900A70724 /* TipCalculatorTests.swift in Sources */ = {isa = PBXBuildFile; fileRef = CCA80A0A23E5C52900A70724 /* TipCalculatorTests.swift */; };
		CCA80A1623E5C52900A70724 /* TipCalculatorUITests.swift in Sources */ = {isa = PBXBuildFile; fileRef = CCA80A1523E5C52900A70724 /* TipCalculatorUITests.swift */; };
		CCB0367D23E5DB830034BC34 /* README.md in Resources */ = {isa = PBXBuildFile; fileRef = CCB0367C23E5DB830034BC34 /* README.md */; };
/* End PBXBuildFile section */

/* Begin PBXContainerItemProxy section */
		CCA80A0723E5C52900A70724 /* PBXContainerItemProxy */ = {
			isa = PBXContainerItemProxy;
			containerPortal = CCA809E823E5C52800A70724 /* Project object */;
			proxyType = 1;
			remoteGlobalIDString = CCA809EF23E5C52800A70724;
			remoteInfo = TipCalculator;
		};
		CCA80A1223E5C52900A70724 /* PBXContainerItemProxy */ = {
			isa = PBXContainerItemProxy;
			containerPortal = CCA809E823E5C52800A70724 /* Project object */;
			proxyType = 1;
			remoteGlobalIDString = CCA809EF23E5C52800A70724;
			remoteInfo = TipCalculator;
		};
/* End PBXContainerItemProxy section */

/* Begin PBXFileReference section */
		CCA809F023E5C52800A70724 /* TipCalculator.app */ = {isa = PBXFileReference; explicitFileType = wrapper.application; includeInIndex = 0; path = TipCalculator.app; sourceTree = BUILT_PRODUCTS_DIR; };
		CCA809F323E5C52800A70724 /* AppDelegate.swift */ = {isa = PBXFileReference; lastKnownFileType = sourcecode.swift; path = AppDelegate.swift; sourceTree = "<group>"; };
		CCA809F523E5C52800A70724 /* SceneDelegate.swift */ = {isa = PBXFileReference; lastKnownFileType = sourcecode.swift; path = SceneDelegate.swift; sourceTree = "<group>"; };
		CCA809F723E5C52800A70724 /* ViewController.swift */ = {isa = PBXFileReference; lastKnownFileType = sourcecode.swift; path = ViewController.swift; sourceTree = "<group>"; };
		CCA809FA23E5C52800A70724 /* Base */ = {isa = PBXFileReference; lastKnownFileType = file.storyboard; name = Base; path = Base.lproj/Main.storyboard; sourceTree = "<group>"; };
		CCA809FC23E5C52900A70724 /* Assets.xcassets */ = {isa = PBXFileReference; lastKnownFileType = folder.assetcatalog; path = Assets.xcassets; sourceTree = "<group>"; };
		CCA809FF23E5C52900A70724 /* Base */ = {isa = PBXFileReference; lastKnownFileType = file.storyboard; name = Base; path = Base.lproj/LaunchScreen.storyboard; sourceTree = "<group>"; };
		CCA80A0123E5C52900A70724 /* Info.plist */ = {isa = PBXFileReference; lastKnownFileType = text.plist.xml; path = Info.plist; sourceTree = "<group>"; };
		CCA80A0623E5C52900A70724 /* TipCalculatorTests.xctest */ = {isa = PBXFileReference; explicitFileType = wrapper.cfbundle; includeInIndex = 0; path = TipCalculatorTests.xctest; sourceTree = BUILT_PRODUCTS_DIR; };
		CCA80A0A23E5C52900A70724 /* TipCalculatorTests.swift */ = {isa = PBXFileReference; lastKnownFileType = sourcecode.swift; path = TipCalculatorTests.swift; sourceTree = "<group>"; };
		CCA80A0C23E5C52900A70724 /* Info.plist */ = {isa = PBXFileReference; lastKnownFileType = text.plist.xml; path = Info.plist; sourceTree = "<group>"; };
		CCA80A1123E5C52900A70724 /* TipCalculatorUITests.xctest */ = {isa = PBXFileReference; explicitFileType = wrapper.cfbundle; includeInIndex = 0; path = TipCalculatorUITests.xctest; sourceTree = BUILT_PRODUCTS_DIR; };
		CCA80A1523E5C52900A70724 /* TipCalculatorUITests.swift */ = {isa = PBXFileReference; lastKnownFileType = sourcecode.swift; path = TipCalculatorUITests.swift; sourceTree = "<group>"; };
		CCA80A1723E5C52900A70724 /* Info.plist */ = {isa = PBXFileReference; lastKnownFileType = text.plist.xml; path = Info.plist; sourceTree = "<group>"; };
		CCB0367C23E5DB830034BC34 /* README.md */ = {isa = PBXFileReference; fileEncoding = 4; lastKnownFileType = net.daringfireball.markdown; path = README.md; sourceTree = "<group>"; };
/* End PBXFileReference section */

/* Begin PBXFrameworksBuildPhase section */
		CCA809ED23E5C52800A70724 /* Frameworks */ = {
			isa = PBXFrameworksBuildPhase;
			buildActionMask = 2147483647;
			files = (
			);
			runOnlyForDeploymentPostprocessing = 0;
		};
		CCA80A0323E5C52900A70724 /* Frameworks */ = {
			isa = PBXFrameworksBuildPhase;
			buildActionMask = 2147483647;
			files = (
			);
			runOnlyForDeploymentPostprocessing = 0;
		};
		CCA80A0E23E5C52900A70724 /* Frameworks */ = {
			isa = PBXFrameworksBuildPhase;
			buildActionMask = 2147483647;
			files = (
			);
			runOnlyForDeploymentPostprocessing = 0;
		};
/* End PBXFrameworksBuildPhase section */

/* Begin PBXGroup section */
		CCA809E723E5C52800A70724 = {
			isa = PBXGroup;
			children = (
				CCB0367C23E5DB830034BC34 /* README.md */,
				CCA809F223E5C52800A70724 /* TipCalculator */,
				CCA80A0923E5C52900A70724 /* TipCalculatorTests */,
				CCA80A1423E5C52900A70724 /* TipCalculatorUITests */,
				CCA809F123E5C52800A70724 /* Products */,
			);
			sourceTree = "<group>";
		};
		CCA809F123E5C52800A70724 /* Products */ = {
			isa = PBXGroup;
			children = (
				CCA809F023E5C52800A70724 /* TipCalculator.app */,
				CCA80A0623E5C52900A70724 /* TipCalculatorTests.xctest */,
				CCA80A1123E5C52900A70724 /* TipCalculatorUITests.xctest */,
			);
			name = Products;
			sourceTree = "<group>";
		};
		CCA809F223E5C52800A70724 /* TipCalculator */ = {
			isa = PBXGroup;
			children = (
				CCA809F323E5C52800A70724 /* AppDelegate.swift */,
				CCA809F523E5C52800A70724 /* SceneDelegate.swift */,
				CCA809F723E5C52800A70724 /* ViewController.swift */,
				CCA809F923E5C52800A70724 /* Main.storyboard */,
				CCA809FC23E5C52900A70724 /* Assets.xcassets */,
				CCA809FE23E5C52900A70724 /* LaunchScreen.storyboard */,
				CCA80A0123E5C52900A70724 /* Info.plist */,
			);
			path = TipCalculator;
			sourceTree = "<group>";
		};
		CCA80A0923E5C52900A70724 /* TipCalculatorTests */ = {
			isa = PBXGroup;
			children = (
				CCA80A0A23E5C52900A70724 /* TipCalculatorTests.swift */,
				CCA80A0C23E5C52900A70724 /* Info.plist */,
			);
			path = TipCalculatorTests;
			sourceTree = "<group>";
		};
		CCA80A1423E5C52900A70724 /* TipCalculatorUITests */ = {
			isa = PBXGroup;
			children = (
				CCA80A1523E5C52900A70724 /* TipCalculatorUITests.swift */,
				CCA80A1723E5C52900A70724 /* Info.plist */,
			);
			path = TipCalculatorUITests;
			sourceTree = "<group>";
		};
/* End PBXGroup section */

/* Begin PBXNativeTarget section */
		CCA809EF23E5C52800A70724 /* TipCalculator */ = {
			isa = PBXNativeTarget;
			buildConfigurationList = CCA80A1A23E5C52900A70724 /* Build configuration list for PBXNativeTarget "TipCalculator" */;
			buildPhases = (
				CCA809EC23E5C52800A70724 /* Sources */,
				CCA809ED23E5C52800A70724 /* Frameworks */,
				CCA809EE23E5C52800A70724 /* Resources */,
			);
			buildRules = (
			);
			dependencies = (
			);
			name = TipCalculator;
			productName = TipCalculator;
			productReference = CCA809F023E5C52800A70724 /* TipCalculator.app */;
			productType = "com.apple.product-type.application";
		};
		CCA80A0523E5C52900A70724 /* TipCalculatorTests */ = {
			isa = PBXNativeTarget;
			buildConfigurationList = CCA80A1D23E5C52900A70724 /* Build configuration list for PBXNativeTarget "TipCalculatorTests" */;
			buildPhases = (
				CCA80A0223E5C52900A70724 /* Sources */,
				CCA80A0323E5C52900A70724 /* Frameworks */,
				CCA80A0423E5C52900A70724 /* Resources */,
			);
			buildRules = (
			);
			dependencies = (
				CCA80A0823E5C52900A70724 /* PBXTargetDependency */,
			);
			name = TipCalculatorTests;
			productName = TipCalculatorTests;
			productReference = CCA80A0623E5C52900A70724 /* TipCalculatorTests.xctest */;
			productType = "com.apple.product-type.bundle.unit-test";
		};
		CCA80A1023E5C52900A70724 /* TipCalculatorUITests */ = {
			isa = PBXNativeTarget;
			buildConfigurationList = CCA80A2023E5C52900A70724 /* Build configuration list for PBXNativeTarget "TipCalculatorUITests" */;
			buildPhases = (
				CCA80A0D23E5C52900A70724 /* Sources */,
				CCA80A0E23E5C52900A70724 /* Frameworks */,
				CCA80A0F23E5C52900A70724 /* Resources */,
			);
			buildRules = (
			);
			dependencies = (
				CCA80A1323E5C52900A70724 /* PBXTargetDependency */,
			);
			name = TipCalculatorUITests;
			productName = TipCalculatorUITests;
			productReference = CCA80A1123E5C52900A70724 /* TipCalculatorUITests.xctest */;
			productType = "com.apple.product-type.bundle.ui-testing";
		};
/* End PBXNativeTarget section */

/* Begin PBXProject section */
		CCA809E823E5C52800A70724 /* Project object */ = {
			isa = PBXProject;
			attributes = {
				LastSwiftUpdateCheck = 1130;
				LastUpgradeCheck = 1130;
				ORGANIZATIONNAME = Cybermoth;
				TargetAttributes = {
					CCA809EF23E5C52800A70724 = {
						CreatedOnToolsVersion = 11.3.1;
					};
					CCA80A0523E5C52900A70724 = {
						CreatedOnToolsVersion = 11.3.1;
						TestTargetID = CCA809EF23E5C52800A70724;
					};
					CCA80A1023E5C52900A70724 = {
						CreatedOnToolsVersion = 11.3.1;
						TestTargetID = CCA809EF23E5C52800A70724;
					};
				};
			};
			buildConfigurationList = CCA809EB23E5C52800A70724 /* Build configuration list for PBXProject "TipCalculator" */;
			compatibilityVersion = "Xcode 9.3";
			developmentRegion = en;
			hasScannedForEncodings = 0;
			knownRegions = (
				en,
				Base,
			);
			mainGroup = CCA809E723E5C52800A70724;
			productRefGroup = CCA809F123E5C52800A70724 /* Products */;
			projectDirPath = "";
			projectRoot = "";
			targets = (
				CCA809EF23E5C52800A70724 /* TipCalculator */,
				CCA80A0523E5C52900A70724 /* TipCalculatorTests */,
				CCA80A1023E5C52900A70724 /* TipCalculatorUITests */,
			);
		};
/* End PBXProject section */

/* Begin PBXResourcesBuildPhase section */
		CCA809EE23E5C52800A70724 /* Resources */ = {
			isa = PBXResourcesBuildPhase;
			buildActionMask = 2147483647;
			files = (
				CCA80A0023E5C52900A70724 /* LaunchScreen.storyboard in Resources */,
				CCA809FD23E5C52900A70724 /* Assets.xcassets in Resources */,
				CCB0367D23E5DB830034BC34 /* README.md in Resources */,
				CCA809FB23E5C52800A70724 /* Main.storyboard in Resources */,
			);
			runOnlyForDeploymentPostprocessing = 0;
		};
		CCA80A0423E5C52900A70724 /* Resources */ = {
			isa = PBXResourcesBuildPhase;
			buildActionMask = 2147483647;
			files = (
			);
			runOnlyForDeploymentPostprocessing = 0;
		};
		CCA80A0F23E5C52900A70724 /* Resources */ = {
			isa = PBXResourcesBuildPhase;
			buildActionMask = 2147483647;
			files = (
			);
			runOnlyForDeploymentPostprocessing = 0;
		};
/* End PBXResourcesBuildPhase section */

/* Begin PBXSourcesBuildPhase section */
		CCA809EC23E5C52800A70724 /* Sources */ = {
			isa = PBXSourcesBuildPhase;
			buildActionMask = 2147483647;
			files = (
				CCA809F823E5C52800A70724 /* ViewController.swift in Sources */,
				CCA809F423E5C52800A70724 /* AppDelegate.swift in Sources */,
				CCA809F623E5C52800A70724 /* SceneDelegate.swift in Sources */,
			);
			runOnlyForDeploymentPostprocessing = 0;
		};
		CCA80A0223E5C52900A70724 /* Sources */ = {
			isa = PBXSourcesBuildPhase;
			buildActionMask = 2147483647;
			files = (
				CCA80A0B23E5C52900A70724 /* TipCalculatorTests.swift in Sources */,
			);
			runOnlyForDeploymentPostprocessing = 0;
		};
		CCA80A0D23E5C52900A70724 /* Sources */ = {
			isa = PBXSourcesBuildPhase;
			buildActionMask = 2147483647;
			files = (
				CCA80A1623E5C52900A70724 /* TipCalculatorUITests.swift in Sources */,
			);
			runOnlyForDeploymentPostprocessing = 0;
		};
/* End PBXSourcesBuildPhase section */

/* Begin PBXTargetDependency section */
		CCA80A0823E5C52900A70724 /* PBXTargetDependency */ = {
			isa = PBXTargetDependency;
			target = CCA809EF23E5C52800A70724 /* TipCalculator */;
			targetProxy = CCA80A0723E5C52900A70724 /* PBXContainerItemProxy */;
		};
		CCA80A1323E5C52900A70724 /* PBXTargetDependency */ = {
			isa = PBXTargetDependency;
			target = CCA809EF23E5C52800A70724 /* TipCalculator */;
			targetProxy = CCA80A1223E5C52900A70724 /* PBXContainerItemProxy */;
		};
/* End PBXTargetDependency section */

/* Begin PBXVariantGroup section */
		CCA809F923E5C52800A70724 /* Main.storyboard */ = {
			isa = PBXVariantGroup;
			children = (
				CCA809FA23E5C52800A70724 /* Base */,
			);
			name = Main.storyboard;
			sourceTree = "<group>";
		};
		CCA809FE23E5C52900A70724 /* LaunchScreen.storyboard */ = {
			isa = PBXVariantGroup;
			children = (
				CCA809FF23E5C52900A70724 /* Base */,
			);
			name = LaunchScreen.storyboard;
			sourceTree = "<group>";
		};
/* End PBXVariantGroup section */

/* Begin XCBuildConfiguration section */
		CCA80A1823E5C52900A70724 /* Debug */ = {
			isa = XCBuildConfiguration;
			buildSettings = {
				ALWAYS_SEARCH_USER_PATHS = NO;
				CLANG_ANALYZER_NONNULL = YES;
				CLANG_ANALYZER_NUMBER_OBJECT_CONVERSION = YES_AGGRESSIVE;
				CLANG_CXX_LANGUAGE_STANDARD = "gnu++14";
				CLANG_CXX_LIBRARY = "libc++";
				CLANG_ENABLE_MODULES = YES;
				CLANG_ENABLE_OBJC_ARC = YES;
				CLANG_ENABLE_OBJC_WEAK = YES;
				CLANG_WARN_BLOCK_CAPTURE_AUTORELEASING = YES;
				CLANG_WARN_BOOL_CONVERSION = YES;
				CLANG_WARN_COMMA = YES;
				CLANG_WARN_CONSTANT_CONVERSION = YES;
				CLANG_WARN_DEPRECATED_OBJC_IMPLEMENTATIONS = YES;
				CLANG_WARN_DIRECT_OBJC_ISA_USAGE = YES_ERROR;
				CLANG_WARN_DOCUMENTATION_COMMENTS = YES;
				CLANG_WARN_EMPTY_BODY = YES;
				CLANG_WARN_ENUM_CONVERSION = YES;
				CLANG_WARN_INFINITE_RECURSION = YES;
				CLANG_WARN_INT_CONVERSION = YES;
				CLANG_WARN_NON_LITERAL_NULL_CONVERSION = YES;
				CLANG_WARN_OBJC_IMPLICIT_RETAIN_SELF = YES;
				CLANG_WARN_OBJC_LITERAL_CONVERSION = YES;
				CLANG_WARN_OBJC_ROOT_CLASS = YES_ERROR;
				CLANG_WARN_RANGE_LOOP_ANALYSIS = YES;
				CLANG_WARN_STRICT_PROTOTYPES = YES;
				CLANG_WARN_SUSPICIOUS_MOVE = YES;
				CLANG_WARN_UNGUARDED_AVAILABILITY = YES_AGGRESSIVE;
				CLANG_WARN_UNREACHABLE_CODE = YES;
				CLANG_WARN__DUPLICATE_METHOD_MATCH = YES;
				COPY_PHASE_STRIP = NO;
				DEBUG_INFORMATION_FORMAT = dwarf;
				ENABLE_STRICT_OBJC_MSGSEND = YES;
				ENABLE_TESTABILITY = YES;
				GCC_C_LANGUAGE_STANDARD = gnu11;
				GCC_DYNAMIC_NO_PIC = NO;
				GCC_NO_COMMON_BLOCKS = YES;
				GCC_OPTIMIZATION_LEVEL = 0;
				GCC_PREPROCESSOR_DEFINITIONS = (
					"DEBUG=1",
					"$(inherited)",
				);
				GCC_WARN_64_TO_32_BIT_CONVERSION = YES;
				GCC_WARN_ABOUT_RETURN_TYPE = YES_ERROR;
				GCC_WARN_UNDECLARED_SELECTOR = YES;
				GCC_WARN_UNINITIALIZED_AUTOS = YES_AGGRESSIVE;
				GCC_WARN_UNUSED_FUNCTION = YES;
				GCC_WARN_UNUSED_VARIABLE = YES;
				IPHONEOS_DEPLOYMENT_TARGET = 13.2;
				MTL_ENABLE_DEBUG_INFO = INCLUDE_SOURCE;
				MTL_FAST_MATH = YES;
				ONLY_ACTIVE_ARCH = YES;
				SDKROOT = iphoneos;
				SWIFT_ACTIVE_COMPILATION_CONDITIONS = DEBUG;
				SWIFT_OPTIMIZATION_LEVEL = "-Onone";
			};
			name = Debug;
		};
		CCA80A1923E5C52900A70724 /* Release */ = {
			isa = XCBuildConfiguration;
			buildSettings = {
				ALWAYS_SEARCH_USER_PATHS = NO;
				CLANG_ANALYZER_NONNULL = YES;
				CLANG_ANALYZER_NUMBER_OBJECT_CONVERSION = YES_AGGRESSIVE;
				CLANG_CXX_LANGUAGE_STANDARD = "gnu++14";
				CLANG_CXX_LIBRARY = "libc++";
				CLANG_ENABLE_MODULES = YES;
				CLANG_ENABLE_OBJC_ARC = YES;
				CLANG_ENABLE_OBJC_WEAK = YES;
				CLANG_WARN_BLOCK_CAPTURE_AUTORELEASING = YES;
				CLANG_WARN_BOOL_CONVERSION = YES;
				CLANG_WARN_COMMA = YES;
				CLANG_WARN_CONSTANT_CONVERSION = YES;
				CLANG_WARN_DEPRECATED_OBJC_IMPLEMENTATIONS = YES;
				CLANG_WARN_DIRECT_OBJC_ISA_USAGE = YES_ERROR;
				CLANG_WARN_DOCUMENTATION_COMMENTS = YES;
				CLANG_WARN_EMPTY_BODY = YES;
				CLANG_WARN_ENUM_CONVERSION = YES;
				CLANG_WARN_INFINITE_RECURSION = YES;
				CLANG_WARN_INT_CONVERSION = YES;
				CLANG_WARN_NON_LITERAL_NULL_CONVERSION = YES;
				CLANG_WARN_OBJC_IMPLICIT_RETAIN_SELF = YES;
				CLANG_WARN_OBJC_LITERAL_CONVERSION = YES;
				CLANG_WARN_OBJC_ROOT_CLASS = YES_ERROR;
				CLANG_WARN_RANGE_LOOP_ANALYSIS = YES;
				CLANG_WARN_STRICT_PROTOTYPES = YES;
				CLANG_WARN_SUSPICIOUS_MOVE = YES;
				CLANG_WARN_UNGUARDED_AVAILABILITY = YES_AGGRESSIVE;
				CLANG_WARN_UNREACHABLE_CODE = YES;
				CLANG_WARN__DUPLICATE_METHOD_MATCH = YES;
				COPY_PHASE_STRIP = NO;
				DEBUG_INFORMATION_FORMAT = "dwarf-with-dsym";
				ENABLE_NS_ASSERTIONS = NO;
				ENABLE_STRICT_OBJC_MSGSEND = YES;
				GCC_C_LANGUAGE_STANDARD = gnu11;
				GCC_NO_COMMON_BLOCKS = YES;
				GCC_WARN_64_TO_32_BIT_CONVERSION = YES;
				GCC_WARN_ABOUT_RETURN_TYPE = YES_ERROR;
				GCC_WARN_UNDECLARED_SELECTOR = YES;
				GCC_WARN_UNINITIALIZED_AUTOS = YES_AGGRESSIVE;
				GCC_WARN_UNUSED_FUNCTION = YES;
				GCC_WARN_UNUSED_VARIABLE = YES;
				IPHONEOS_DEPLOYMENT_TARGET = 13.2;
				MTL_ENABLE_DEBUG_INFO = NO;
				MTL_FAST_MATH = YES;
				SDKROOT = iphoneos;
				SWIFT_COMPILATION_MODE = wholemodule;
				SWIFT_OPTIMIZATION_LEVEL = "-O";
				VALIDATE_PRODUCT = YES;
			};
			name = Release;
		};
		CCA80A1B23E5C52900A70724 /* Debug */ = {
			isa = XCBuildConfiguration;
			buildSettings = {
				ASSETCATALOG_COMPILER_APPICON_NAME = AppIcon;
				CODE_SIGN_STYLE = Automatic;
				DEVELOPMENT_TEAM = ZNL82LS978;
				INFOPLIST_FILE = TipCalculator/Info.plist;
				LD_RUNPATH_SEARCH_PATHS = (
					"$(inherited)",
					"@executable_path/Frameworks",
				);
				PRODUCT_BUNDLE_IDENTIFIER = com.cybermoth.TipCalculator;
				PRODUCT_NAME = "$(TARGET_NAME)";
				SWIFT_VERSION = 5.0;
				TARGETED_DEVICE_FAMILY = "1,2";
			};
			name = Debug;
		};
		CCA80A1C23E5C52900A70724 /* Release */ = {
			isa = XCBuildConfiguration;
			buildSettings = {
				ASSETCATALOG_COMPILER_APPICON_NAME = AppIcon;
				CODE_SIGN_STYLE = Automatic;
				DEVELOPMENT_TEAM = ZNL82LS978;
				INFOPLIST_FILE = TipCalculator/Info.plist;
				LD_RUNPATH_SEARCH_PATHS = (
					"$(inherited)",
					"@executable_path/Frameworks",
				);
				PRODUCT_BUNDLE_IDENTIFIER = com.cybermoth.TipCalculator;
				PRODUCT_NAME = "$(TARGET_NAME)";
				SWIFT_VERSION = 5.0;
				TARGETED_DEVICE_FAMILY = "1,2";
			};
			name = Release;
		};
		CCA80A1E23E5C52900A70724 /* Debug */ = {
			isa = XCBuildConfiguration;
			buildSettings = {
				ALWAYS_EMBED_SWIFT_STANDARD_LIBRARIES = YES;
				BUNDLE_LOADER = "$(TEST_HOST)";
				CODE_SIGN_STYLE = Automatic;
				DEVELOPMENT_TEAM = ZNL82LS978;
				INFOPLIST_FILE = TipCalculatorTests/Info.plist;
				IPHONEOS_DEPLOYMENT_TARGET = 13.2;
				LD_RUNPATH_SEARCH_PATHS = (
					"$(inherited)",
					"@executable_path/Frameworks",
					"@loader_path/Frameworks",
				);
				PRODUCT_BUNDLE_IDENTIFIER = com.cybermoth.TipCalculatorTests;
				PRODUCT_NAME = "$(TARGET_NAME)";
				SWIFT_VERSION = 5.0;
				TARGETED_DEVICE_FAMILY = "1,2";
				TEST_HOST = "$(BUILT_PRODUCTS_DIR)/TipCalculator.app/TipCalculator";
			};
			name = Debug;
		};
		CCA80A1F23E5C52900A70724 /* Release */ = {
			isa = XCBuildConfiguration;
			buildSettings = {
				ALWAYS_EMBED_SWIFT_STANDARD_LIBRARIES = YES;
				BUNDLE_LOADER = "$(TEST_HOST)";
				CODE_SIGN_STYLE = Automatic;
				DEVELOPMENT_TEAM = ZNL82LS978;
				INFOPLIST_FILE = TipCalculatorTests/Info.plist;
				IPHONEOS_DEPLOYMENT_TARGET = 13.2;
				LD_RUNPATH_SEARCH_PATHS = (
					"$(inherited)",
					"@executable_path/Frameworks",
					"@loader_path/Frameworks",
				);
				PRODUCT_BUNDLE_IDENTIFIER = com.cybermoth.TipCalculatorTests;
				PRODUCT_NAME = "$(TARGET_NAME)";
				SWIFT_VERSION = 5.0;
				TARGETED_DEVICE_FAMILY = "1,2";
				TEST_HOST = "$(BUILT_PRODUCTS_DIR)/TipCalculator.app/TipCalculator";
			};
			name = Release;
		};
		CCA80A2123E5C52900A70724 /* Debug */ = {
			isa = XCBuildConfiguration;
			buildSettings = {
				ALWAYS_EMBED_SWIFT_STANDARD_LIBRARIES = YES;
				CODE_SIGN_STYLE = Automatic;
				DEVELOPMENT_TEAM = ZNL82LS978;
				INFOPLIST_FILE = TipCalculatorUITests/Info.plist;
				LD_RUNPATH_SEARCH_PATHS = (
					"$(inherited)",
					"@executable_path/Frameworks",
					"@loader_path/Frameworks",
				);
				PRODUCT_BUNDLE_IDENTIFIER = com.cybermoth.TipCalculatorUITests;
				PRODUCT_NAME = "$(TARGET_NAME)";
				SWIFT_VERSION = 5.0;
				TARGETED_DEVICE_FAMILY = "1,2";
				TEST_TARGET_NAME = TipCalculator;
			};
			name = Debug;
		};
		CCA80A2223E5C52900A70724 /* Release */ = {
			isa = XCBuildConfiguration;
			buildSettings = {
				ALWAYS_EMBED_SWIFT_STANDARD_LIBRARIES = YES;
				CODE_SIGN_STYLE = Automatic;
				DEVELOPMENT_TEAM = ZNL82LS978;
				INFOPLIST_FILE = TipCalculatorUITests/Info.plist;
				LD_RUNPATH_SEARCH_PATHS = (
					"$(inherited)",
					"@executable_path/Frameworks",
					"@loader_path/Frameworks",
				);
				PRODUCT_BUNDLE_IDENTIFIER = com.cybermoth.TipCalculatorUITests;
				PRODUCT_NAME = "$(TARGET_NAME)";
				SWIFT_VERSION = 5.0;
				TARGETED_DEVICE_FAMILY = "1,2";
				TEST_TARGET_NAME = TipCalculator;
			};
			name = Release;
		};
/* End XCBuildConfiguration section */

/* Begin XCConfigurationList section */
		CCA809EB23E5C52800A70724 /* Build configuration list for PBXProject "TipCalculator" */ = {
			isa = XCConfigurationList;
			buildConfigurations = (
				CCA80A1823E5C52900A70724 /* Debug */,
				CCA80A1923E5C52900A70724 /* Release */,
			);
			defaultConfigurationIsVisible = 0;
			defaultConfigurationName = Release;
		};
		CCA80A1A23E5C52900A70724 /* Build configuration list for PBXNativeTarget "TipCalculator" */ = {
			isa = XCConfigurationList;
			buildConfigurations = (
				CCA80A1B23E5C52900A70724 /* Debug */,
				CCA80A1C23E5C52900A70724 /* Release */,
			);
			defaultConfigurationIsVisible = 0;
			defaultConfigurationName = Release;
		};
		CCA80A1D23E5C52900A70724 /* Build configuration list for PBXNativeTarget "TipCalculatorTests" */ = {
			isa = XCConfigurationList;
			buildConfigurations = (
				CCA80A1E23E5C52900A70724 /* Debug */,
				CCA80A1F23E5C52900A70724 /* Release */,
			);
			defaultConfigurationIsVisible = 0;
			defaultConfigurationName = Release;
		};
		CCA80A2023E5C52900A70724 /* Build configuration list for PBXNativeTarget "TipCalculatorUITests" */ = {
			isa = XCConfigurationList;
			buildConfigurations = (
				CCA80A2123E5C52900A70724 /* Debug */,
				CCA80A2223E5C52900A70724 /* Release */,
			);
			defaultConfigurationIsVisible = 0;
			defaultConfigurationName = Release;
		};
/* End XCConfigurationList section */
	};
	rootObject = CCA809E823E5C52800A70724 /* Project object */;
}
